
Microsoft Visual Studio Solution File, Format Version 12.00
# Visual Studio Version 16
VisualStudioVersion = 16.0.30406.217
MinimumVisualStudioVersion = 10.0.40219.1
Project("{9A19103F-16F7-4668-BE54-9A1E7A4F7556}") = "SpfAspCore", "SpfAspCore\SpfAspCore.csproj", "{5AA18246-D8AE-4A4B-AA0A-0B098602C976}"
EndProject
Project("{9A19103F-16F7-4668-BE54-9A1E7A4F7556}") = "SpfAspCoreDemo", "SpfAspCoreDemo\SpfAspCoreDemo.csproj", "{03B6EDAC-0741-40AD-AEE5-A6352D572154}"
EndProject
Global
	GlobalSection(SolutionConfigurationPlatforms) = preSolution
		Debug|Any CPU = Debug|Any CPU
		Release|Any CPU = Release|Any CPU
	EndGlobalSection
	GlobalSection(ProjectConfigurationPlatforms) = postSolution
		{5AA18246-D8AE-4A4B-AA0A-0B098602C976}.Debug|Any CPU.ActiveCfg = Debug|Any CPU
		{5AA18246-D8AE-4A4B-AA0A-0B098602C976}.Debug|Any CPU.Build.0 = Debug|Any CPU
		{5AA18246-D8AE-4A4B-AA0A-0B098602C976}.Release|Any CPU.ActiveCfg = Release|Any CPU
		{5AA18246-D8AE-4A4B-AA0A-0B098602C976}.Release|Any CPU.Build.0 = Release|Any CPU
		{03B6EDAC-0741-40AD-AEE5-A6352D572154}.Debug|Any CPU.ActiveCfg = Debug|Any CPU
		{03B6EDAC-0741-40AD-AEE5-A6352D572154}.Debug|Any CPU.Build.0 = Debug|Any CPU
		{03B6EDAC-0741-40AD-AEE5-A6352D572154}.Release|Any CPU.ActiveCfg = Release|Any CPU
		{03B6EDAC-0741-40AD-AEE5-A6352D572154}.Release|Any CPU.Build.0 = Release|Any CPU
	EndGlobalSection
	GlobalSection(SolutionProperties) = preSolution
		HideSolutionNode = FALSE
	EndGlobalSection
	GlobalSection(ExtensibilityGlobals) = postSolution
		SolutionGuid = {E17F871C-254E-49E3-A3C9-11625DB696CD}
	EndGlobalSection
EndGlobal
